
Microsoft Visual Studio Solution File, Format Version 12.00
# Visual Studio Version 17
VisualStudioVersion = 17.1.32328.378
MinimumVisualStudioVersion = 10.0.40219.1
Project("{FAE04EC0-301F-11D3-BF4B-00C04F79EFBC}") = "AcademyManagement", "AcademyManagement\AcademyManagement.csproj", "{6975F40D-A60D-49EE-A37B-CBE69E5452DB}"
EndProject
Global
	GlobalSection(SolutionConfigurationPlatforms) = preSolution
		Debug|Any CPU = Debug|Any CPU
		Release|Any CPU = Release|Any CPU
	EndGlobalSection
	GlobalSection(ProjectConfigurationPlatforms) = postSolution
		{6975F40D-A60D-49EE-A37B-CBE69E5452DB}.Debug|Any CPU.ActiveCfg = Debug|Any CPU
		{6975F40D-A60D-49EE-A37B-CBE69E5452DB}.Debug|Any CPU.Build.0 = Debug|Any CPU
		{6975F40D-A60D-49EE-A37B-CBE69E5452DB}.Release|Any CPU.ActiveCfg = Release|Any CPU
		{6975F40D-A60D-49EE-A37B-CBE69E5452DB}.Release|Any CPU.Build.0 = Release|Any CPU
	EndGlobalSection
	GlobalSection(SolutionProperties) = preSolution
		HideSolutionNode = FALSE
	EndGlobalSection
	GlobalSection(ExtensibilityGlobals) = postSolution
		SolutionGuid = {3865A37F-4FC4-4406-AEB1-A68A3AEDBC80}
	EndGlobalSection
EndGlobal
